
Microsoft Visual Studio Solution File, Format Version 12.00
# Visual Studio Version 16
VisualStudioVersion = 16.0.31624.102
MinimumVisualStudioVersion = 10.0.40219.1
Project("{9A19103F-16F7-4668-BE54-9A1E7A4F7556}") = "HotelApi", "HotelLeqso\HotelApi.csproj", "{126EC1DF-1862-48C9-AB5E-2E958506B01C}"
EndProject
Project("{FAE04EC0-301F-11D3-BF4B-00C04F79EFBC}") = "Utilities", "StringConstants\Utilities.csproj", "{119C33F6-9F2E-45CF-9B02-109DC23F3377}"
EndProject
Global
	GlobalSection(SolutionConfigurationPlatforms) = preSolution
		Debug|Any CPU = Debug|Any CPU
		Release|Any CPU = Release|Any CPU
	EndGlobalSection
	GlobalSection(ProjectConfigurationPlatforms) = postSolution
		{126EC1DF-1862-48C9-AB5E-2E958506B01C}.Debug|Any CPU.ActiveCfg = Debug|Any CPU
		{126EC1DF-1862-48C9-AB5E-2E958506B01C}.Debug|Any CPU.Build.0 = Debug|Any CPU
		{126EC1DF-1862-48C9-AB5E-2E958506B01C}.Release|Any CPU.ActiveCfg = Release|Any CPU
		{126EC1DF-1862-48C9-AB5E-2E958506B01C}.Release|Any CPU.Build.0 = Release|Any CPU
		{119C33F6-9F2E-45CF-9B02-109DC23F3377}.Debug|Any CPU.ActiveCfg = Debug|Any CPU
		{119C33F6-9F2E-45CF-9B02-109DC23F3377}.Debug|Any CPU.Build.0 = Debug|Any CPU
		{119C33F6-9F2E-45CF-9B02-109DC23F3377}.Release|Any CPU.ActiveCfg = Release|Any CPU
		{119C33F6-9F2E-45CF-9B02-109DC23F3377}.Release|Any CPU.Build.0 = Release|Any CPU
	EndGlobalSection
	GlobalSection(SolutionProperties) = preSolution
		HideSolutionNode = FALSE
	EndGlobalSection
	GlobalSection(ExtensibilityGlobals) = postSolution
		SolutionGuid = {EF32C482-D96F-4F34-AAF8-657AB958C4C8}
	EndGlobalSection
EndGlobal
